// !$*UTF8*$!
{
	archiveVersion = 1;
	classes = {
	};
	objectVersion = 50;
	objects = {

/* Begin PBXBuildFile section */
		EB026C9E228CD1DC0081690A /* ToDoToday_ViewController.swift in Sources */ = {isa = PBXBuildFile; fileRef = EB026C9D228CD1DC0081690A /* ToDoToday_ViewController.swift */; };
		EB026CA0228CD1EB0081690A /* CompleteActivity_ViewController.swift in Sources */ = {isa = PBXBuildFile; fileRef = EB026C9F228CD1EB0081690A /* CompleteActivity_ViewController.swift */; };
		EB026CA2228CD1F40081690A /* Timer_ViewController.swift in Sources */ = {isa = PBXBuildFile; fileRef = EB026CA1228CD1F40081690A /* Timer_ViewController.swift */; };
		EB026CA8228CE4A50081690A /* Timer.swift in Sources */ = {isa = PBXBuildFile; fileRef = EB026CA7228CE4A50081690A /* Timer.swift */; };
		EB03D4BA228FE3790049613D /* CoreData_Category.swift in Sources */ = {isa = PBXBuildFile; fileRef = EB03D4B9228FE3790049613D /* CoreData_Category.swift */; };
		EB03D4BE229022F80049613D /* CategoryColors.swift in Sources */ = {isa = PBXBuildFile; fileRef = EB03D4BD229022F80049613D /* CategoryColors.swift */; };
		EB04DB72228ABA4100703614 /* NewActivity_Name_ViewController.swift in Sources */ = {isa = PBXBuildFile; fileRef = EB04DB71228ABA4100703614 /* NewActivity_Name_ViewController.swift */; };
		EB04DB74228ABA5400703614 /* NewActivity_Category_ViewController.swift in Sources */ = {isa = PBXBuildFile; fileRef = EB04DB73228ABA5400703614 /* NewActivity_Category_ViewController.swift */; };
		EB04DB76228ABA9400703614 /* NewActivity_Dates_ViewController.swift in Sources */ = {isa = PBXBuildFile; fileRef = EB04DB75228ABA9400703614 /* NewActivity_Dates_ViewController.swift */; };
		EB04DB78228ABAA900703614 /* NewActivity_Recurrency_ViewController.swift in Sources */ = {isa = PBXBuildFile; fileRef = EB04DB77228ABAA800703614 /* NewActivity_Recurrency_ViewController.swift */; };
		EB04DB7A228ABAB900703614 /* NewActivity_TimeDuration_ViewController.swift in Sources */ = {isa = PBXBuildFile; fileRef = EB04DB79228ABAB900703614 /* NewActivity_TimeDuration_ViewController.swift */; };
		EB04DB7C228ABAC400703614 /* NewActivity_Partner_ViewController.swift in Sources */ = {isa = PBXBuildFile; fileRef = EB04DB7B228ABAC400703614 /* NewActivity_Partner_ViewController.swift */; };
		EB04DB7F228ABAE600703614 /* NewCategory_Name_ViewController.swift in Sources */ = {isa = PBXBuildFile; fileRef = EB04DB7E228ABAE600703614 /* NewCategory_Name_ViewController.swift */; };
		EB04DB81228ABB4700703614 /* NewCategory_Color_ViewController.swift in Sources */ = {isa = PBXBuildFile; fileRef = EB04DB80228ABB4700703614 /* NewCategory_Color_ViewController.swift */; };
		EB04DB83228ABB5B00703614 /* NewCategory_Goal_ViewController.swift in Sources */ = {isa = PBXBuildFile; fileRef = EB04DB82228ABB5B00703614 /* NewCategory_Goal_ViewController.swift */; };
		EB04DB86228AD1B100703614 /* CoreDataHelper.swift in Sources */ = {isa = PBXBuildFile; fileRef = EB04DB85228AD1B100703614 /* CoreDataHelper.swift */; };
		EB04DB89228B1B1000703614 /* Activity_TableViewController.swift in Sources */ = {isa = PBXBuildFile; fileRef = EB04DB88228B1B1000703614 /* Activity_TableViewController.swift */; };
		EB482ED52289C671001F1F3F /* AppDelegate.swift in Sources */ = {isa = PBXBuildFile; fileRef = EB482ED42289C671001F1F3F /* AppDelegate.swift */; };
		EB482ED72289C671001F1F3F /* ViewController.swift in Sources */ = {isa = PBXBuildFile; fileRef = EB482ED62289C671001F1F3F /* ViewController.swift */; };
		EB482EDA2289C671001F1F3F /* Main.storyboard in Resources */ = {isa = PBXBuildFile; fileRef = EB482ED82289C671001F1F3F /* Main.storyboard */; };
		EB482EDD2289C671001F1F3F /* coursework_2.xcdatamodeld in Sources */ = {isa = PBXBuildFile; fileRef = EB482EDB2289C671001F1F3F /* coursework_2.xcdatamodeld */; };
		EB482EDF2289C672001F1F3F /* Assets.xcassets in Resources */ = {isa = PBXBuildFile; fileRef = EB482EDE2289C672001F1F3F /* Assets.xcassets */; };
		EB482EE22289C672001F1F3F /* LaunchScreen.storyboard in Resources */ = {isa = PBXBuildFile; fileRef = EB482EE02289C672001F1F3F /* LaunchScreen.storyboard */; };
		EB482EED2289C672001F1F3F /* coursework_2Tests.swift in Sources */ = {isa = PBXBuildFile; fileRef = EB482EEC2289C672001F1F3F /* coursework_2Tests.swift */; };
		EB6C14E522905131000DC9A0 /* MainSettings_ViewController.swift in Sources */ = {isa = PBXBuildFile; fileRef = EB6C14E422905131000DC9A0 /* MainSettings_ViewController.swift */; };
		EB6C14E922905CE4000DC9A0 /* FourElements.swift in Sources */ = {isa = PBXBuildFile; fileRef = EB6C14E822905CE4000DC9A0 /* FourElements.swift */; };
		EB6C14EB22905DEE000DC9A0 /* MainCoaching_ViewController.swift in Sources */ = {isa = PBXBuildFile; fileRef = EB6C14EA22905DEE000DC9A0 /* MainCoaching_ViewController.swift */; };
		EB6C14ED22909089000DC9A0 /* Header_Images.swift in Sources */ = {isa = PBXBuildFile; fileRef = EB6C14EC22909089000DC9A0 /* Header_Images.swift */; };
		EBA57E66228C66B40021F18A /* ColorCategory_ViewController.swift in Sources */ = {isa = PBXBuildFile; fileRef = EBA57E65228C66B40021F18A /* ColorCategory_ViewController.swift */; };
		EBA57E68228C66C40021F18A /* GoalCategory_ViewController.swift in Sources */ = {isa = PBXBuildFile; fileRef = EBA57E67228C66C40021F18A /* GoalCategory_ViewController.swift */; };
		EBAABE922290AFBC0044106B /* CustomNavBarText.swift in Sources */ = {isa = PBXBuildFile; fileRef = EBAABE912290AFBC0044106B /* CustomNavBarText.swift */; };
		EBAABE942290D4F70044106B /* Settings_ViewController.swift in Sources */ = {isa = PBXBuildFile; fileRef = EBAABE932290D4F70044106B /* Settings_ViewController.swift */; };
		EBB397F7228D703900723640 /* TrackerChart.swift in Sources */ = {isa = PBXBuildFile; fileRef = EBB397F6228D703900723640 /* TrackerChart.swift */; };
		EBBC31F8228B99310064451F /* CustomColor.swift in Sources */ = {isa = PBXBuildFile; fileRef = EBBC31F7228B99310064451F /* CustomColor.swift */; };
		EBBC31FA228B995C0064451F /* RoundedTextFieldIBDesign.swift in Sources */ = {isa = PBXBuildFile; fileRef = EBBC31F9228B995C0064451F /* RoundedTextFieldIBDesign.swift */; };
		EBBC31FC228B99750064451F /* RoundBottonIBDesign.swift in Sources */ = {isa = PBXBuildFile; fileRef = EBBC31FB228B99750064451F /* RoundBottonIBDesign.swift */; };
		EBBC31FE228B998A0064451F /* RoundLabel.swift in Sources */ = {isa = PBXBuildFile; fileRef = EBBC31FD228B998A0064451F /* RoundLabel.swift */; };
		EBBC3201228B9B730064451F /* TaskTrackerCalendar_ViewController.swift in Sources */ = {isa = PBXBuildFile; fileRef = EBBC3200228B9B730064451F /* TaskTrackerCalendar_ViewController.swift */; };
		EBBD8BBF228DB7CA000C62D8 /* SendFeedBack_ViewController.swift in Sources */ = {isa = PBXBuildFile; fileRef = EBBD8BBE228DB7CA000C62D8 /* SendFeedBack_ViewController.swift */; };
		EBBD8BC1228DB7D7000C62D8 /* PersonalInformation_ViewController.swift in Sources */ = {isa = PBXBuildFile; fileRef = EBBD8BC0228DB7D7000C62D8 /* PersonalInformation_ViewController.swift */; };
		EBC56095229158640091BE22 /* BmiChart.swift in Sources */ = {isa = PBXBuildFile; fileRef = EBC56094229158640091BE22 /* BmiChart.swift */; };
		EBCA2F86228C7FEC005FF9BE /* CategoryManage_ViewController.swift in Sources */ = {isa = PBXBuildFile; fileRef = EBCA2F85228C7FEC005FF9BE /* CategoryManage_ViewController.swift */; };
		EBCA2F88228C8CBC005FF9BE /* CategoryManage_Name_ViewController.swift in Sources */ = {isa = PBXBuildFile; fileRef = EBCA2F87228C8CBC005FF9BE /* CategoryManage_Name_ViewController.swift */; };
		EBD1A81A228C05EE0007B38A /* Helper_Methods.swift in Sources */ = {isa = PBXBuildFile; fileRef = EBD1A819228C05EE0007B38A /* Helper_Methods.swift */; };
		EBD1A81C228C1A460007B38A /* ViewDetailTracker_ViewController.swift in Sources */ = {isa = PBXBuildFile; fileRef = EBD1A81B228C1A460007B38A /* ViewDetailTracker_ViewController.swift */; };
		EBD1A820228C22310007B38A /* CustomTableViewCell.swift in Sources */ = {isa = PBXBuildFile; fileRef = EBD1A81F228C22310007B38A /* CustomTableViewCell.swift */; };
		EBD1A823228C2FFF0007B38A /* Test1.swift in Sources */ = {isa = PBXBuildFile; fileRef = EBD1A822228C2FFF0007B38A /* Test1.swift */; };
		EBD1A824228C2FFF0007B38A /* Test1.swift in Sources */ = {isa = PBXBuildFile; fileRef = EBD1A822228C2FFF0007B38A /* Test1.swift */; };
		EBD1A826228C312C0007B38A /* Stopwatch.swift in Sources */ = {isa = PBXBuildFile; fileRef = EBD1A825228C312C0007B38A /* Stopwatch.swift */; };
		EBD1A827228C312C0007B38A /* Stopwatch.swift in Sources */ = {isa = PBXBuildFile; fileRef = EBD1A825228C312C0007B38A /* Stopwatch.swift */; };
		EBE6AD35228EEAAB00FA26FC /* Trackertask.swift in Sources */ = {isa = PBXBuildFile; fileRef = EBE6AD34228EEAAB00FA26FC /* Trackertask.swift */; };
		EBE6AD37228EEB7900FA26FC /* Clock.swift in Sources */ = {isa = PBXBuildFile; fileRef = EBE6AD36228EEB7900FA26FC /* Clock.swift */; };
		EBE6AD3A228EFA6800FA26FC /* LoginView_ViewController.swift in Sources */ = {isa = PBXBuildFile; fileRef = EBE6AD39228EFA6800FA26FC /* LoginView_ViewController.swift */; };
		EBE6AD3D228F1EA200FA26FC /* ShowCategory_ViewController.swift in Sources */ = {isa = PBXBuildFile; fileRef = EBE6AD3C228F1EA200FA26FC /* ShowCategory_ViewController.swift */; };
		EBE6AD3F228F1EAF00FA26FC /* ShowGoalCategory_ViewController.swift in Sources */ = {isa = PBXBuildFile; fileRef = EBE6AD3E228F1EAF00FA26FC /* ShowGoalCategory_ViewController.swift */; };
		EBE6AD41228F21BC00FA26FC /* ShowGoalDeail_ViewController.swift in Sources */ = {isa = PBXBuildFile; fileRef = EBE6AD40228F21BC00FA26FC /* ShowGoalDeail_ViewController.swift */; };
		EBE6AD45228F3A0700FA26FC /* FourCategories.swift in Sources */ = {isa = PBXBuildFile; fileRef = EBE6AD44228F3A0700FA26FC /* FourCategories.swift */; };
/* End PBXBuildFile section */

/* Begin PBXContainerItemProxy section */
		EB482EE92289C672001F1F3F /* PBXContainerItemProxy */ = {
			isa = PBXContainerItemProxy;
			containerPortal = EB482EC92289C671001F1F3F /* Project object */;
			proxyType = 1;
			remoteGlobalIDString = EB482ED02289C671001F1F3F;
			remoteInfo = coursework_2;
		};
/* End PBXContainerItemProxy section */

/* Begin PBXFileReference section */
		EB026C9D228CD1DC0081690A /* ToDoToday_ViewController.swift */ = {isa = PBXFileReference; lastKnownFileType = sourcecode.swift; path = ToDoToday_ViewController.swift; sourceTree = "<group>"; };
		EB026C9F228CD1EB0081690A /* CompleteActivity_ViewController.swift */ = {isa = PBXFileReference; lastKnownFileType = sourcecode.swift; path = CompleteActivity_ViewController.swift; sourceTree = "<group>"; };
		EB026CA1228CD1F40081690A /* Timer_ViewController.swift */ = {isa = PBXFileReference; lastKnownFileType = sourcecode.swift; path = Timer_ViewController.swift; sourceTree = "<group>"; };
		EB026CA7228CE4A50081690A /* Timer.swift */ = {isa = PBXFileReference; lastKnownFileType = sourcecode.swift; path = Timer.swift; sourceTree = "<group>"; };
		EB03D4B9228FE3790049613D /* CoreData_Category.swift */ = {isa = PBXFileReference; lastKnownFileType = sourcecode.swift; path = CoreData_Category.swift; sourceTree = "<group>"; };
		EB03D4BD229022F80049613D /* CategoryColors.swift */ = {isa = PBXFileReference; fileEncoding = 4; lastKnownFileType = sourcecode.swift; path = CategoryColors.swift; sourceTree = "<group>"; };
		EB04DB71228ABA4100703614 /* NewActivity_Name_ViewController.swift */ = {isa = PBXFileReference; lastKnownFileType = sourcecode.swift; path = NewActivity_Name_ViewController.swift; sourceTree = "<group>"; };
		EB04DB73228ABA5400703614 /* NewActivity_Category_ViewController.swift */ = {isa = PBXFileReference; lastKnownFileType = sourcecode.swift; path = NewActivity_Category_ViewController.swift; sourceTree = "<group>"; };
		EB04DB75228ABA9400703614 /* NewActivity_Dates_ViewController.swift */ = {isa = PBXFileReference; lastKnownFileType = sourcecode.swift; path = NewActivity_Dates_ViewController.swift; sourceTree = "<group>"; };
		EB04DB77228ABAA800703614 /* NewActivity_Recurrency_ViewController.swift */ = {isa = PBXFileReference; lastKnownFileType = sourcecode.swift; path = NewActivity_Recurrency_ViewController.swift; sourceTree = "<group>"; };
		EB04DB79228ABAB900703614 /* NewActivity_TimeDuration_ViewController.swift */ = {isa = PBXFileReference; lastKnownFileType = sourcecode.swift; path = NewActivity_TimeDuration_ViewController.swift; sourceTree = "<group>"; };
		EB04DB7B228ABAC400703614 /* NewActivity_Partner_ViewController.swift */ = {isa = PBXFileReference; lastKnownFileType = sourcecode.swift; path = NewActivity_Partner_ViewController.swift; sourceTree = "<group>"; };
		EB04DB7E228ABAE600703614 /* NewCategory_Name_ViewController.swift */ = {isa = PBXFileReference; lastKnownFileType = sourcecode.swift; path = NewCategory_Name_ViewController.swift; sourceTree = "<group>"; };
		EB04DB80228ABB4700703614 /* NewCategory_Color_ViewController.swift */ = {isa = PBXFileReference; lastKnownFileType = sourcecode.swift; path = NewCategory_Color_ViewController.swift; sourceTree = "<group>"; };
		EB04DB82228ABB5B00703614 /* NewCategory_Goal_ViewController.swift */ = {isa = PBXFileReference; lastKnownFileType = sourcecode.swift; path = NewCategory_Goal_ViewController.swift; sourceTree = "<group>"; };
		EB04DB85228AD1B100703614 /* CoreDataHelper.swift */ = {isa = PBXFileReference; lastKnownFileType = sourcecode.swift; path = CoreDataHelper.swift; sourceTree = "<group>"; };
		EB04DB88228B1B1000703614 /* Activity_TableViewController.swift */ = {isa = PBXFileReference; lastKnownFileType = sourcecode.swift; path = Activity_TableViewController.swift; sourceTree = "<group>"; };
		EB482ED12289C671001F1F3F /* coursework_2.app */ = {isa = PBXFileReference; explicitFileType = wrapper.application; includeInIndex = 0; path = coursework_2.app; sourceTree = BUILT_PRODUCTS_DIR; };
		EB482ED42289C671001F1F3F /* AppDelegate.swift */ = {isa = PBXFileReference; lastKnownFileType = sourcecode.swift; path = AppDelegate.swift; sourceTree = "<group>"; };
		EB482ED62289C671001F1F3F /* ViewController.swift */ = {isa = PBXFileReference; lastKnownFileType = sourcecode.swift; path = ViewController.swift; sourceTree = "<group>"; };
		EB482ED92289C671001F1F3F /* Base */ = {isa = PBXFileReference; lastKnownFileType = file.storyboard; name = Base; path = Base.lproj/Main.storyboard; sourceTree = "<group>"; };
		EB482EDC2289C671001F1F3F /* coursework_2.xcdatamodel */ = {isa = PBXFileReference; lastKnownFileType = wrapper.xcdatamodel; path = coursework_2.xcdatamodel; sourceTree = "<group>"; };
		EB482EDE2289C672001F1F3F /* Assets.xcassets */ = {isa = PBXFileReference; lastKnownFileType = folder.assetcatalog; path = Assets.xcassets; sourceTree = "<group>"; };
		EB482EE12289C672001F1F3F /* Base */ = {isa = PBXFileReference; lastKnownFileType = file.storyboard; name = Base; path = Base.lproj/LaunchScreen.storyboard; sourceTree = "<group>"; };
		EB482EE32289C672001F1F3F /* Info.plist */ = {isa = PBXFileReference; lastKnownFileType = text.plist.xml; path = Info.plist; sourceTree = "<group>"; };
		EB482EE82289C672001F1F3F /* coursework_2Tests.xctest */ = {isa = PBXFileReference; explicitFileType = wrapper.cfbundle; includeInIndex = 0; path = coursework_2Tests.xctest; sourceTree = BUILT_PRODUCTS_DIR; };
		EB482EEC2289C672001F1F3F /* coursework_2Tests.swift */ = {isa = PBXFileReference; lastKnownFileType = sourcecode.swift; path = coursework_2Tests.swift; sourceTree = "<group>"; };
		EB482EEE2289C672001F1F3F /* Info.plist */ = {isa = PBXFileReference; lastKnownFileType = text.plist.xml; path = Info.plist; sourceTree = "<group>"; };
		EB6C14E422905131000DC9A0 /* MainSettings_ViewController.swift */ = {isa = PBXFileReference; lastKnownFileType = sourcecode.swift; path = MainSettings_ViewController.swift; sourceTree = "<group>"; };
		EB6C14E822905CE4000DC9A0 /* FourElements.swift */ = {isa = PBXFileReference; lastKnownFileType = sourcecode.swift; path = FourElements.swift; sourceTree = "<group>"; };
		EB6C14EA22905DEE000DC9A0 /* MainCoaching_ViewController.swift */ = {isa = PBXFileReference; lastKnownFileType = sourcecode.swift; path = MainCoaching_ViewController.swift; sourceTree = "<group>"; };
		EB6C14EC22909089000DC9A0 /* Header_Images.swift */ = {isa = PBXFileReference; lastKnownFileType = sourcecode.swift; path = Header_Images.swift; sourceTree = "<group>"; };
		EBA57E65228C66B40021F18A /* ColorCategory_ViewController.swift */ = {isa = PBXFileReference; lastKnownFileType = sourcecode.swift; path = ColorCategory_ViewController.swift; sourceTree = "<group>"; };
		EBA57E67228C66C40021F18A /* GoalCategory_ViewController.swift */ = {isa = PBXFileReference; lastKnownFileType = sourcecode.swift; path = GoalCategory_ViewController.swift; sourceTree = "<group>"; };
		EBAABE912290AFBC0044106B /* CustomNavBarText.swift */ = {isa = PBXFileReference; lastKnownFileType = sourcecode.swift; path = CustomNavBarText.swift; sourceTree = "<group>"; };
		EBAABE932290D4F70044106B /* Settings_ViewController.swift */ = {isa = PBXFileReference; lastKnownFileType = sourcecode.swift; path = Settings_ViewController.swift; sourceTree = "<group>"; };
		EBB397F6228D703900723640 /* TrackerChart.swift */ = {isa = PBXFileReference; lastKnownFileType = sourcecode.swift; path = TrackerChart.swift; sourceTree = "<group>"; };
		EBBC31F7228B99310064451F /* CustomColor.swift */ = {isa = PBXFileReference; lastKnownFileType = sourcecode.swift; path = CustomColor.swift; sourceTree = "<group>"; };
		EBBC31F9228B995C0064451F /* RoundedTextFieldIBDesign.swift */ = {isa = PBXFileReference; lastKnownFileType = sourcecode.swift; path = RoundedTextFieldIBDesign.swift; sourceTree = "<group>"; };
		EBBC31FB228B99750064451F /* RoundBottonIBDesign.swift */ = {isa = PBXFileReference; lastKnownFileType = sourcecode.swift; path = RoundBottonIBDesign.swift; sourceTree = "<group>"; };
		EBBC31FD228B998A0064451F /* RoundLabel.swift */ = {isa = PBXFileReference; lastKnownFileType = sourcecode.swift; path = RoundLabel.swift; sourceTree = "<group>"; };
		EBBC3200228B9B730064451F /* TaskTrackerCalendar_ViewController.swift */ = {isa = PBXFileReference; lastKnownFileType = sourcecode.swift; path = TaskTrackerCalendar_ViewController.swift; sourceTree = "<group>"; };
		EBBD8BBE228DB7CA000C62D8 /* SendFeedBack_ViewController.swift */ = {isa = PBXFileReference; lastKnownFileType = sourcecode.swift; path = SendFeedBack_ViewController.swift; sourceTree = "<group>"; };
		EBBD8BC0228DB7D7000C62D8 /* PersonalInformation_ViewController.swift */ = {isa = PBXFileReference; lastKnownFileType = sourcecode.swift; path = PersonalInformation_ViewController.swift; sourceTree = "<group>"; };
		EBC56094229158640091BE22 /* BmiChart.swift */ = {isa = PBXFileReference; fileEncoding = 4; lastKnownFileType = sourcecode.swift; path = BmiChart.swift; sourceTree = "<group>"; };
		EBCA2F85228C7FEC005FF9BE /* CategoryManage_ViewController.swift */ = {isa = PBXFileReference; lastKnownFileType = sourcecode.swift; path = CategoryManage_ViewController.swift; sourceTree = "<group>"; };
		EBCA2F87228C8CBC005FF9BE /* CategoryManage_Name_ViewController.swift */ = {isa = PBXFileReference; lastKnownFileType = sourcecode.swift; path = CategoryManage_Name_ViewController.swift; sourceTree = "<group>"; };
		EBD1A819228C05EE0007B38A /* Helper_Methods.swift */ = {isa = PBXFileReference; lastKnownFileType = sourcecode.swift; path = Helper_Methods.swift; sourceTree = "<group>"; };
		EBD1A81B228C1A460007B38A /* ViewDetailTracker_ViewController.swift */ = {isa = PBXFileReference; lastKnownFileType = sourcecode.swift; path = ViewDetailTracker_ViewController.swift; sourceTree = "<group>"; };
		EBD1A81F228C22310007B38A /* CustomTableViewCell.swift */ = {isa = PBXFileReference; lastKnownFileType = sourcecode.swift; path = CustomTableViewCell.swift; sourceTree = "<group>"; };
		EBD1A822228C2FFF0007B38A /* Test1.swift */ = {isa = PBXFileReference; fileEncoding = 4; lastKnownFileType = sourcecode.swift; path = Test1.swift; sourceTree = "<group>"; };
		EBD1A825228C312C0007B38A /* Stopwatch.swift */ = {isa = PBXFileReference; lastKnownFileType = sourcecode.swift; path = Stopwatch.swift; sourceTree = "<group>"; };
		EBE6AD34228EEAAB00FA26FC /* Trackertask.swift */ = {isa = PBXFileReference; fileEncoding = 4; lastKnownFileType = sourcecode.swift; path = Trackertask.swift; sourceTree = "<group>"; };
		EBE6AD36228EEB7900FA26FC /* Clock.swift */ = {isa = PBXFileReference; fileEncoding = 4; lastKnownFileType = sourcecode.swift; path = Clock.swift; sourceTree = "<group>"; };
		EBE6AD39228EFA6800FA26FC /* LoginView_ViewController.swift */ = {isa = PBXFileReference; lastKnownFileType = sourcecode.swift; path = LoginView_ViewController.swift; sourceTree = "<group>"; };
		EBE6AD3C228F1EA200FA26FC /* ShowCategory_ViewController.swift */ = {isa = PBXFileReference; lastKnownFileType = sourcecode.swift; path = ShowCategory_ViewController.swift; sourceTree = "<group>"; };
		EBE6AD3E228F1EAF00FA26FC /* ShowGoalCategory_ViewController.swift */ = {isa = PBXFileReference; lastKnownFileType = sourcecode.swift; path = ShowGoalCategory_ViewController.swift; sourceTree = "<group>"; };
		EBE6AD40228F21BC00FA26FC /* ShowGoalDeail_ViewController.swift */ = {isa = PBXFileReference; lastKnownFileType = sourcecode.swift; path = ShowGoalDeail_ViewController.swift; sourceTree = "<group>"; };
		EBE6AD44228F3A0700FA26FC /* FourCategories.swift */ = {isa = PBXFileReference; lastKnownFileType = sourcecode.swift; path = FourCategories.swift; sourceTree = "<group>"; };
/* End PBXFileReference section */

/* Begin PBXFrameworksBuildPhase section */
		EB482ECE2289C671001F1F3F /* Frameworks */ = {
			isa = PBXFrameworksBuildPhase;
			buildActionMask = 2147483647;
			files = (
			);
			runOnlyForDeploymentPostprocessing = 0;
		};
		EB482EE52289C672001F1F3F /* Frameworks */ = {
			isa = PBXFrameworksBuildPhase;
			buildActionMask = 2147483647;
			files = (
			);
			runOnlyForDeploymentPostprocessing = 0;
		};
/* End PBXFrameworksBuildPhase section */

/* Begin PBXGroup section */
		EB026C9C228CD1BB0081690A /* ToDoToday */ = {
			isa = PBXGroup;
			children = (
				EB026C9D228CD1DC0081690A /* ToDoToday_ViewController.swift */,
				EB026C9F228CD1EB0081690A /* CompleteActivity_ViewController.swift */,
				EB026CA1228CD1F40081690A /* Timer_ViewController.swift */,
			);
			path = ToDoToday;
			sourceTree = "<group>";
		};
		EB03D4B8228FE35C0049613D /* AccessingCoreData */ = {
			isa = PBXGroup;
			children = (
				EB03D4B9228FE3790049613D /* CoreData_Category.swift */,
			);
			path = AccessingCoreData;
			sourceTree = "<group>";
		};
		EB04DB6F228ABA1400703614 /* NewActivity_ViewController */ = {
			isa = PBXGroup;
			children = (
				EB04DB71228ABA4100703614 /* NewActivity_Name_ViewController.swift */,
				EB04DB73228ABA5400703614 /* NewActivity_Category_ViewController.swift */,
				EB04DB75228ABA9400703614 /* NewActivity_Dates_ViewController.swift */,
				EB04DB77228ABAA800703614 /* NewActivity_Recurrency_ViewController.swift */,
				EB04DB79228ABAB900703614 /* NewActivity_TimeDuration_ViewController.swift */,
				EB04DB7B228ABAC400703614 /* NewActivity_Partner_ViewController.swift */,
			);
			path = NewActivity_ViewController;
			sourceTree = "<group>";
		};
		EB04DB70228ABA2B00703614 /* ViewController */ = {
			isa = PBXGroup;
			children = (
				EBE6AD3B228F1E8C00FA26FC /* Coaching */,
				EBBD8BBD228DB7B3000C62D8 /* Personal Settings */,
				EB026C9C228CD1BB0081690A /* ToDoToday */,
				EBBC31FF228B9B5A0064451F /* TaskTrackerCalendar */,
				EBA57E60228C66590021F18A /* Category_Management */,
				EB04DB87228B1AF300703614 /* MainViews_ViewController */,
				EB04DB7D228ABAC800703614 /* NewCategory_ViewController */,
				EB04DB6F228ABA1400703614 /* NewActivity_ViewController */,
			);
			path = ViewController;
			sourceTree = "<group>";
		};
		EB04DB7D228ABAC800703614 /* NewCategory_ViewController */ = {
			isa = PBXGroup;
			children = (
				EB04DB7E228ABAE600703614 /* NewCategory_Name_ViewController.swift */,
				EB04DB80228ABB4700703614 /* NewCategory_Color_ViewController.swift */,
				EB04DB82228ABB5B00703614 /* NewCategory_Goal_ViewController.swift */,
			);
			path = NewCategory_ViewController;
			sourceTree = "<group>";
		};
		EB04DB84228AD16400703614 /* CoreDataHelper */ = {
			isa = PBXGroup;
			children = (
				EB04DB85228AD1B100703614 /* CoreDataHelper.swift */,
			);
			path = CoreDataHelper;
			sourceTree = "<group>";
		};
		EB04DB87228B1AF300703614 /* MainViews_ViewController */ = {
			isa = PBXGroup;
			children = (
				EB04DB88228B1B1000703614 /* Activity_TableViewController.swift */,
			);
			path = MainViews_ViewController;
			sourceTree = "<group>";
		};
		EB482EC82289C671001F1F3F = {
			isa = PBXGroup;
			children = (
				EB482ED32289C671001F1F3F /* coursework_2 */,
				EB482EEB2289C672001F1F3F /* coursework_2Tests */,
				EB482ED22289C671001F1F3F /* Products */,
			);
			sourceTree = "<group>";
		};
		EB482ED22289C671001F1F3F /* Products */ = {
			isa = PBXGroup;
			children = (
				EB482ED12289C671001F1F3F /* coursework_2.app */,
				EB482EE82289C672001F1F3F /* coursework_2Tests.xctest */,
			);
			name = Products;
			sourceTree = "<group>";
		};
		EB482ED32289C671001F1F3F /* coursework_2 */ = {
			isa = PBXGroup;
			children = (
				EB03D4B8228FE35C0049613D /* AccessingCoreData */,
				EBE6AD38228EFA5600FA26FC /* Login */,
				EBD1A821228C2FC90007B38A /* PaintCode_Framework */,
				EBD1A818228C05D90007B38A /* Helper */,
				EBBC31F6228B990F0064451F /* GraphicElements */,
				EB04DB84228AD16400703614 /* CoreDataHelper */,
				EB04DB70228ABA2B00703614 /* ViewController */,
				EB482ED42289C671001F1F3F /* AppDelegate.swift */,
				EB482ED62289C671001F1F3F /* ViewController.swift */,
				EB482ED82289C671001F1F3F /* Main.storyboard */,
				EB482EDE2289C672001F1F3F /* Assets.xcassets */,
				EB482EE02289C672001F1F3F /* LaunchScreen.storyboard */,
				EB482EE32289C672001F1F3F /* Info.plist */,
				EB482EDB2289C671001F1F3F /* coursework_2.xcdatamodeld */,
			);
			path = coursework_2;
			sourceTree = "<group>";
		};
		EB482EEB2289C672001F1F3F /* coursework_2Tests */ = {
			isa = PBXGroup;
			children = (
				EB482EEC2289C672001F1F3F /* coursework_2Tests.swift */,
				EB482EEE2289C672001F1F3F /* Info.plist */,
			);
			path = coursework_2Tests;
			sourceTree = "<group>";
		};
		EBA57E60228C66590021F18A /* Category_Management */ = {
			isa = PBXGroup;
			children = (
				EBA57E65228C66B40021F18A /* ColorCategory_ViewController.swift */,
				EBA57E67228C66C40021F18A /* GoalCategory_ViewController.swift */,
				EBCA2F85228C7FEC005FF9BE /* CategoryManage_ViewController.swift */,
				EBCA2F87228C8CBC005FF9BE /* CategoryManage_Name_ViewController.swift */,
			);
			path = Category_Management;
			sourceTree = "<group>";
		};
		EBBC31F6228B990F0064451F /* GraphicElements */ = {
			isa = PBXGroup;
			children = (
				EBBC31F7228B99310064451F /* CustomColor.swift */,
				EBBC31F9228B995C0064451F /* RoundedTextFieldIBDesign.swift */,
				EBBC31FB228B99750064451F /* RoundBottonIBDesign.swift */,
				EBBC31FD228B998A0064451F /* RoundLabel.swift */,
				EBD1A81F228C22310007B38A /* CustomTableViewCell.swift */,
				EB6C14EC22909089000DC9A0 /* Header_Images.swift */,
				EBAABE912290AFBC0044106B /* CustomNavBarText.swift */,
			);
			path = GraphicElements;
			sourceTree = "<group>";
		};
		EBBC31FF228B9B5A0064451F /* TaskTrackerCalendar */ = {
			isa = PBXGroup;
			children = (
				EBBC3200228B9B730064451F /* TaskTrackerCalendar_ViewController.swift */,
				EBD1A81B228C1A460007B38A /* ViewDetailTracker_ViewController.swift */,
			);
			path = TaskTrackerCalendar;
			sourceTree = "<group>";
		};
		EBBD8BBD228DB7B3000C62D8 /* Personal Settings */ = {
			isa = PBXGroup;
			children = (
				EBBD8BBE228DB7CA000C62D8 /* SendFeedBack_ViewController.swift */,
				EBBD8BC0228DB7D7000C62D8 /* PersonalInformation_ViewController.swift */,
				EB6C14E422905131000DC9A0 /* MainSettings_ViewController.swift */,
				EBAABE932290D4F70044106B /* Settings_ViewController.swift */,
			);
			path = "Personal Settings";
			sourceTree = "<group>";
		};
		EBD1A818228C05D90007B38A /* Helper */ = {
			isa = PBXGroup;
			children = (
				EBD1A819228C05EE0007B38A /* Helper_Methods.swift */,
			);
			path = Helper;
			sourceTree = "<group>";
		};
		EBD1A821228C2FC90007B38A /* PaintCode_Framework */ = {
			isa = PBXGroup;
			children = (
				EBE6AD34228EEAAB00FA26FC /* Trackertask.swift */,
				EB03D4BD229022F80049613D /* CategoryColors.swift */,
				EBC56094229158640091BE22 /* BmiChart.swift */,
				EBD1A822228C2FFF0007B38A /* Test1.swift */,
				EBD1A825228C312C0007B38A /* Stopwatch.swift */,
				EBE6AD36228EEB7900FA26FC /* Clock.swift */,
				EB026CA7228CE4A50081690A /* Timer.swift */,
				EBB397F6228D703900723640 /* TrackerChart.swift */,
				EBE6AD44228F3A0700FA26FC /* FourCategories.swift */,
				EB6C14E822905CE4000DC9A0 /* FourElements.swift */,
			);
			path = PaintCode_Framework;
			sourceTree = "<group>";
		};
		EBE6AD38228EFA5600FA26FC /* Login */ = {
			isa = PBXGroup;
			children = (
				EBE6AD39228EFA6800FA26FC /* LoginView_ViewController.swift */,
			);
			path = Login;
			sourceTree = "<group>";
		};
		EBE6AD3B228F1E8C00FA26FC /* Coaching */ = {
			isa = PBXGroup;
			children = (
				EBE6AD3C228F1EA200FA26FC /* ShowCategory_ViewController.swift */,
				EBE6AD3E228F1EAF00FA26FC /* ShowGoalCategory_ViewController.swift */,
				EBE6AD40228F21BC00FA26FC /* ShowGoalDeail_ViewController.swift */,
				EB6C14EA22905DEE000DC9A0 /* MainCoaching_ViewController.swift */,
			);
			path = Coaching;
			sourceTree = "<group>";
		};
/* End PBXGroup section */

/* Begin PBXNativeTarget section */
		EB482ED02289C671001F1F3F /* coursework_2 */ = {
			isa = PBXNativeTarget;
			buildConfigurationList = EB482EF12289C672001F1F3F /* Build configuration list for PBXNativeTarget "coursework_2" */;
			buildPhases = (
				EB482ECD2289C671001F1F3F /* Sources */,
				EB482ECE2289C671001F1F3F /* Frameworks */,
				EB482ECF2289C671001F1F3F /* Resources */,
			);
			buildRules = (
			);
			dependencies = (
			);
			name = coursework_2;
			productName = coursework_2;
			productReference = EB482ED12289C671001F1F3F /* coursework_2.app */;
			productType = "com.apple.product-type.application";
		};
		EB482EE72289C672001F1F3F /* coursework_2Tests */ = {
			isa = PBXNativeTarget;
			buildConfigurationList = EB482EF42289C672001F1F3F /* Build configuration list for PBXNativeTarget "coursework_2Tests" */;
			buildPhases = (
				EB482EE42289C672001F1F3F /* Sources */,
				EB482EE52289C672001F1F3F /* Frameworks */,
				EB482EE62289C672001F1F3F /* Resources */,
			);
			buildRules = (
			);
			dependencies = (
				EB482EEA2289C672001F1F3F /* PBXTargetDependency */,
			);
			name = coursework_2Tests;
			productName = coursework_2Tests;
			productReference = EB482EE82289C672001F1F3F /* coursework_2Tests.xctest */;
			productType = "com.apple.product-type.bundle.unit-test";
		};
/* End PBXNativeTarget section */

/* Begin PBXProject section */
		EB482EC92289C671001F1F3F /* Project object */ = {
			isa = PBXProject;
			attributes = {
				LastSwiftUpdateCheck = 1020;
				LastUpgradeCheck = 1020;
				ORGANIZATIONNAME = group_a;
				TargetAttributes = {
					EB482ED02289C671001F1F3F = {
						CreatedOnToolsVersion = 10.2.1;
					};
					EB482EE72289C672001F1F3F = {
						CreatedOnToolsVersion = 10.2.1;
						TestTargetID = EB482ED02289C671001F1F3F;
					};
				};
			};
			buildConfigurationList = EB482ECC2289C671001F1F3F /* Build configuration list for PBXProject "coursework_2" */;
			compatibilityVersion = "Xcode 9.3";
			developmentRegion = en;
			hasScannedForEncodings = 0;
			knownRegions = (
				en,
				Base,
			);
			mainGroup = EB482EC82289C671001F1F3F;
			productRefGroup = EB482ED22289C671001F1F3F /* Products */;
			projectDirPath = "";
			projectRoot = "";
			targets = (
				EB482ED02289C671001F1F3F /* coursework_2 */,
				EB482EE72289C672001F1F3F /* coursework_2Tests */,
			);
		};
/* End PBXProject section */

/* Begin PBXResourcesBuildPhase section */
		EB482ECF2289C671001F1F3F /* Resources */ = {
			isa = PBXResourcesBuildPhase;
			buildActionMask = 2147483647;
			files = (
				EB482EE22289C672001F1F3F /* LaunchScreen.storyboard in Resources */,
				EB482EDF2289C672001F1F3F /* Assets.xcassets in Resources */,
				EB482EDA2289C671001F1F3F /* Main.storyboard in Resources */,
			);
			runOnlyForDeploymentPostprocessing = 0;
		};
		EB482EE62289C672001F1F3F /* Resources */ = {
			isa = PBXResourcesBuildPhase;
			buildActionMask = 2147483647;
			files = (
			);
			runOnlyForDeploymentPostprocessing = 0;
		};
/* End PBXResourcesBuildPhase section */

/* Begin PBXSourcesBuildPhase section */
		EB482ECD2289C671001F1F3F /* Sources */ = {
			isa = PBXSourcesBuildPhase;
			buildActionMask = 2147483647;
			files = (
				EBBC31FC228B99750064451F /* RoundBottonIBDesign.swift in Sources */,
				EBAABE922290AFBC0044106B /* CustomNavBarText.swift in Sources */,
				EB6C14EB22905DEE000DC9A0 /* MainCoaching_ViewController.swift in Sources */,
				EBA57E68228C66C40021F18A /* GoalCategory_ViewController.swift in Sources */,
				EBE6AD37228EEB7900FA26FC /* Clock.swift in Sources */,
				EB026CA0228CD1EB0081690A /* CompleteActivity_ViewController.swift in Sources */,
				EBBC31FE228B998A0064451F /* RoundLabel.swift in Sources */,
				EBD1A820228C22310007B38A /* CustomTableViewCell.swift in Sources */,
				EB04DB81228ABB4700703614 /* NewCategory_Color_ViewController.swift in Sources */,
				EBE6AD35228EEAAB00FA26FC /* Trackertask.swift in Sources */,
				EBBC3201228B9B730064451F /* TaskTrackerCalendar_ViewController.swift in Sources */,
				EB04DB7F228ABAE600703614 /* NewCategory_Name_ViewController.swift in Sources */,
				EBC56095229158640091BE22 /* BmiChart.swift in Sources */,
				EB482ED72289C671001F1F3F /* ViewController.swift in Sources */,
				EB03D4BE229022F80049613D /* CategoryColors.swift in Sources */,
				EBE6AD3A228EFA6800FA26FC /* LoginView_ViewController.swift in Sources */,
				EBB397F7228D703900723640 /* TrackerChart.swift in Sources */,
				EBAABE942290D4F70044106B /* Settings_ViewController.swift in Sources */,
				EBCA2F88228C8CBC005FF9BE /* CategoryManage_Name_ViewController.swift in Sources */,
				EBD1A826228C312C0007B38A /* Stopwatch.swift in Sources */,
				EB04DB7A228ABAB900703614 /* NewActivity_TimeDuration_ViewController.swift in Sources */,
				EBE6AD3F228F1EAF00FA26FC /* ShowGoalCategory_ViewController.swift in Sources */,
				EB04DB83228ABB5B00703614 /* NewCategory_Goal_ViewController.swift in Sources */,
				EB04DB74228ABA5400703614 /* NewActivity_Category_ViewController.swift in Sources */,
				EBD1A823228C2FFF0007B38A /* Test1.swift in Sources */,
				EBD1A81C228C1A460007B38A /* ViewDetailTracker_ViewController.swift in Sources */,
				EB04DB89228B1B1000703614 /* Activity_TableViewController.swift in Sources */,
				EBD1A81A228C05EE0007B38A /* Helper_Methods.swift in Sources */,
				EB04DB76228ABA9400703614 /* NewActivity_Dates_ViewController.swift in Sources */,
				EB026C9E228CD1DC0081690A /* ToDoToday_ViewController.swift in Sources */,
				EB026CA2228CD1F40081690A /* Timer_ViewController.swift in Sources */,
				EB6C14E922905CE4000DC9A0 /* FourElements.swift in Sources */,
				EBBC31FA228B995C0064451F /* RoundedTextFieldIBDesign.swift in Sources */,
				EBE6AD41228F21BC00FA26FC /* ShowGoalDeail_ViewController.swift in Sources */,
				EBCA2F86228C7FEC005FF9BE /* CategoryManage_ViewController.swift in Sources */,
				EBBC31F8228B99310064451F /* CustomColor.swift in Sources */,
				EB04DB72228ABA4100703614 /* NewActivity_Name_ViewController.swift in Sources */,
				EBE6AD3D228F1EA200FA26FC /* ShowCategory_ViewController.swift in Sources */,
				EB04DB86228AD1B100703614 /* CoreDataHelper.swift in Sources */,
				EB6C14E522905131000DC9A0 /* MainSettings_ViewController.swift in Sources */,
				EBA57E66228C66B40021F18A /* ColorCategory_ViewController.swift in Sources */,
				EB6C14ED22909089000DC9A0 /* Header_Images.swift in Sources */,
				EBE6AD45228F3A0700FA26FC /* FourCategories.swift in Sources */,
				EB482ED52289C671001F1F3F /* AppDelegate.swift in Sources */,
				EBBD8BBF228DB7CA000C62D8 /* SendFeedBack_ViewController.swift in Sources */,
				EBBD8BC1228DB7D7000C62D8 /* PersonalInformation_ViewController.swift in Sources */,
				EB04DB78228ABAA900703614 /* NewActivity_Recurrency_ViewController.swift in Sources */,
				EB482EDD2289C671001F1F3F /* coursework_2.xcdatamodeld in Sources */,
				EB04DB7C228ABAC400703614 /* NewActivity_Partner_ViewController.swift in Sources */,
				EB03D4BA228FE3790049613D /* CoreData_Category.swift in Sources */,
				EB026CA8228CE4A50081690A /* Timer.swift in Sources */,
			);
			runOnlyForDeploymentPostprocessing = 0;
		};
		EB482EE42289C672001F1F3F /* Sources */ = {
			isa = PBXSourcesBuildPhase;
			buildActionMask = 2147483647;
			files = (
				EB482EED2289C672001F1F3F /* coursework_2Tests.swift in Sources */,
				EBD1A827228C312C0007B38A /* Stopwatch.swift in Sources */,
				EBD1A824228C2FFF0007B38A /* Test1.swift in Sources */,
			);
			runOnlyForDeploymentPostprocessing = 0;
		};
/* End PBXSourcesBuildPhase section */

/* Begin PBXTargetDependency section */
		EB482EEA2289C672001F1F3F /* PBXTargetDependency */ = {
			isa = PBXTargetDependency;
			target = EB482ED02289C671001F1F3F /* coursework_2 */;
			targetProxy = EB482EE92289C672001F1F3F /* PBXContainerItemProxy */;
		};
/* End PBXTargetDependency section */

/* Begin PBXVariantGroup section */
		EB482ED82289C671001F1F3F /* Main.storyboard */ = {
			isa = PBXVariantGroup;
			children = (
				EB482ED92289C671001F1F3F /* Base */,
			);
			name = Main.storyboard;
			sourceTree = "<group>";
		};
		EB482EE02289C672001F1F3F /* LaunchScreen.storyboard */ = {
			isa = PBXVariantGroup;
			children = (
				EB482EE12289C672001F1F3F /* Base */,
			);
			name = LaunchScreen.storyboard;
			sourceTree = "<group>";
		};
/* End PBXVariantGroup section */

/* Begin XCBuildConfiguration section */
		EB482EEF2289C672001F1F3F /* Debug */ = {
			isa = XCBuildConfiguration;
			buildSettings = {
				ALWAYS_SEARCH_USER_PATHS = NO;
				CLANG_ANALYZER_NONNULL = YES;
				CLANG_ANALYZER_NUMBER_OBJECT_CONVERSION = YES_AGGRESSIVE;
				CLANG_CXX_LANGUAGE_STANDARD = "gnu++14";
				CLANG_CXX_LIBRARY = "libc++";
				CLANG_ENABLE_MODULES = YES;
				CLANG_ENABLE_OBJC_ARC = YES;
				CLANG_ENABLE_OBJC_WEAK = YES;
				CLANG_WARN_BLOCK_CAPTURE_AUTORELEASING = YES;
				CLANG_WARN_BOOL_CONVERSION = YES;
				CLANG_WARN_COMMA = YES;
				CLANG_WARN_CONSTANT_CONVERSION = YES;
				CLANG_WARN_DEPRECATED_OBJC_IMPLEMENTATIONS = YES;
				CLANG_WARN_DIRECT_OBJC_ISA_USAGE = YES_ERROR;
				CLANG_WARN_DOCUMENTATION_COMMENTS = YES;
				CLANG_WARN_EMPTY_BODY = YES;
				CLANG_WARN_ENUM_CONVERSION = YES;
				CLANG_WARN_INFINITE_RECURSION = YES;
				CLANG_WARN_INT_CONVERSION = YES;
				CLANG_WARN_NON_LITERAL_NULL_CONVERSION = YES;
				CLANG_WARN_OBJC_IMPLICIT_RETAIN_SELF = YES;
				CLANG_WARN_OBJC_LITERAL_CONVERSION = YES;
				CLANG_WARN_OBJC_ROOT_CLASS = YES_ERROR;
				CLANG_WARN_RANGE_LOOP_ANALYSIS = YES;
				CLANG_WARN_STRICT_PROTOTYPES = YES;
				CLANG_WARN_SUSPICIOUS_MOVE = YES;
				CLANG_WARN_UNGUARDED_AVAILABILITY = YES_AGGRESSIVE;
				CLANG_WARN_UNREACHABLE_CODE = YES;
				CLANG_WARN__DUPLICATE_METHOD_MATCH = YES;
				CODE_SIGN_IDENTITY = "iPhone Developer";
				COPY_PHASE_STRIP = NO;
				DEBUG_INFORMATION_FORMAT = dwarf;
				ENABLE_STRICT_OBJC_MSGSEND = YES;
				ENABLE_TESTABILITY = YES;
				GCC_C_LANGUAGE_STANDARD = gnu11;
				GCC_DYNAMIC_NO_PIC = NO;
				GCC_NO_COMMON_BLOCKS = YES;
				GCC_OPTIMIZATION_LEVEL = 0;
				GCC_PREPROCESSOR_DEFINITIONS = (
					"DEBUG=1",
					"$(inherited)",
				);
				GCC_WARN_64_TO_32_BIT_CONVERSION = YES;
				GCC_WARN_ABOUT_RETURN_TYPE = YES_ERROR;
				GCC_WARN_UNDECLARED_SELECTOR = YES;
				GCC_WARN_UNINITIALIZED_AUTOS = YES_AGGRESSIVE;
				GCC_WARN_UNUSED_FUNCTION = YES;
				GCC_WARN_UNUSED_VARIABLE = YES;
				IPHONEOS_DEPLOYMENT_TARGET = 12.2;
				MTL_ENABLE_DEBUG_INFO = INCLUDE_SOURCE;
				MTL_FAST_MATH = YES;
				ONLY_ACTIVE_ARCH = YES;
				SDKROOT = iphoneos;
				SWIFT_ACTIVE_COMPILATION_CONDITIONS = DEBUG;
				SWIFT_OPTIMIZATION_LEVEL = "-Onone";
			};
			name = Debug;
		};
		EB482EF02289C672001F1F3F /* Release */ = {
			isa = XCBuildConfiguration;
			buildSettings = {
				ALWAYS_SEARCH_USER_PATHS = NO;
				CLANG_ANALYZER_NONNULL = YES;
				CLANG_ANALYZER_NUMBER_OBJECT_CONVERSION = YES_AGGRESSIVE;
				CLANG_CXX_LANGUAGE_STANDARD = "gnu++14";
				CLANG_CXX_LIBRARY = "libc++";
				CLANG_ENABLE_MODULES = YES;
				CLANG_ENABLE_OBJC_ARC = YES;
				CLANG_ENABLE_OBJC_WEAK = YES;
				CLANG_WARN_BLOCK_CAPTURE_AUTORELEASING = YES;
				CLANG_WARN_BOOL_CONVERSION = YES;
				CLANG_WARN_COMMA = YES;
				CLANG_WARN_CONSTANT_CONVERSION = YES;
				CLANG_WARN_DEPRECATED_OBJC_IMPLEMENTATIONS = YES;
				CLANG_WARN_DIRECT_OBJC_ISA_USAGE = YES_ERROR;
				CLANG_WARN_DOCUMENTATION_COMMENTS = YES;
				CLANG_WARN_EMPTY_BODY = YES;
				CLANG_WARN_ENUM_CONVERSION = YES;
				CLANG_WARN_INFINITE_RECURSION = YES;
				CLANG_WARN_INT_CONVERSION = YES;
				CLANG_WARN_NON_LITERAL_NULL_CONVERSION = YES;
				CLANG_WARN_OBJC_IMPLICIT_RETAIN_SELF = YES;
				CLANG_WARN_OBJC_LITERAL_CONVERSION = YES;
				CLANG_WARN_OBJC_ROOT_CLASS = YES_ERROR;
				CLANG_WARN_RANGE_LOOP_ANALYSIS = YES;
				CLANG_WARN_STRICT_PROTOTYPES = YES;
				CLANG_WARN_SUSPICIOUS_MOVE = YES;
				CLANG_WARN_UNGUARDED_AVAILABILITY = YES_AGGRESSIVE;
				CLANG_WARN_UNREACHABLE_CODE = YES;
				CLANG_WARN__DUPLICATE_METHOD_MATCH = YES;
				CODE_SIGN_IDENTITY = "iPhone Developer";
				COPY_PHASE_STRIP = NO;
				DEBUG_INFORMATION_FORMAT = "dwarf-with-dsym";
				ENABLE_NS_ASSERTIONS = NO;
				ENABLE_STRICT_OBJC_MSGSEND = YES;
				GCC_C_LANGUAGE_STANDARD = gnu11;
				GCC_NO_COMMON_BLOCKS = YES;
				GCC_WARN_64_TO_32_BIT_CONVERSION = YES;
				GCC_WARN_ABOUT_RETURN_TYPE = YES_ERROR;
				GCC_WARN_UNDECLARED_SELECTOR = YES;
				GCC_WARN_UNINITIALIZED_AUTOS = YES_AGGRESSIVE;
				GCC_WARN_UNUSED_FUNCTION = YES;
				GCC_WARN_UNUSED_VARIABLE = YES;
				IPHONEOS_DEPLOYMENT_TARGET = 12.2;
				MTL_ENABLE_DEBUG_INFO = NO;
				MTL_FAST_MATH = YES;
				SDKROOT = iphoneos;
				SWIFT_COMPILATION_MODE = wholemodule;
				SWIFT_OPTIMIZATION_LEVEL = "-O";
				VALIDATE_PRODUCT = YES;
			};
			name = Release;
		};
		EB482EF22289C672001F1F3F /* Debug */ = {
			isa = XCBuildConfiguration;
			buildSettings = {
				ASSETCATALOG_COMPILER_APPICON_NAME = AppIcon;
				CODE_SIGN_STYLE = Automatic;
				DEVELOPMENT_TEAM = V5D7XGYZDQ;
				INFOPLIST_FILE = coursework_2/Info.plist;
				LD_RUNPATH_SEARCH_PATHS = (
					"$(inherited)",
					"@executable_path/Frameworks",
				);
				PRODUCT_BUNDLE_IDENTIFIER = "com.group-a.coursework-2";
				PRODUCT_NAME = "$(TARGET_NAME)";
				SWIFT_VERSION = 5.0;
				TARGETED_DEVICE_FAMILY = 1;
			};
			name = Debug;
		};
		EB482EF32289C672001F1F3F /* Release */ = {
			isa = XCBuildConfiguration;
			buildSettings = {
				ASSETCATALOG_COMPILER_APPICON_NAME = AppIcon;
				CODE_SIGN_STYLE = Automatic;
				DEVELOPMENT_TEAM = V5D7XGYZDQ;
				INFOPLIST_FILE = coursework_2/Info.plist;
				LD_RUNPATH_SEARCH_PATHS = (
					"$(inherited)",
					"@executable_path/Frameworks",
				);
				PRODUCT_BUNDLE_IDENTIFIER = "com.group-a.coursework-2";
				PRODUCT_NAME = "$(TARGET_NAME)";
				SWIFT_VERSION = 5.0;
				TARGETED_DEVICE_FAMILY = 1;
			};
			name = Release;
		};
		EB482EF52289C672001F1F3F /* Debug */ = {
			isa = XCBuildConfiguration;
			buildSettings = {
				ALWAYS_EMBED_SWIFT_STANDARD_LIBRARIES = YES;
				BUNDLE_LOADER = "$(TEST_HOST)";
				CODE_SIGN_STYLE = Automatic;
				DEVELOPMENT_TEAM = V5D7XGYZDQ;
				INFOPLIST_FILE = coursework_2Tests/Info.plist;
				LD_RUNPATH_SEARCH_PATHS = (
					"$(inherited)",
					"@executable_path/Frameworks",
					"@loader_path/Frameworks",
				);
				PRODUCT_BUNDLE_IDENTIFIER = "com.group-a.coursework-2Tests";
				PRODUCT_NAME = "$(TARGET_NAME)";
				SWIFT_VERSION = 5.0;
				TARGETED_DEVICE_FAMILY = "1,2";
				TEST_HOST = "$(BUILT_PRODUCTS_DIR)/coursework_2.app/coursework_2";
			};
			name = Debug;
		};
		EB482EF62289C672001F1F3F /* Release */ = {
			isa = XCBuildConfiguration;
			buildSettings = {
				ALWAYS_EMBED_SWIFT_STANDARD_LIBRARIES = YES;
				BUNDLE_LOADER = "$(TEST_HOST)";
				CODE_SIGN_STYLE = Automatic;
				DEVELOPMENT_TEAM = V5D7XGYZDQ;
				INFOPLIST_FILE = coursework_2Tests/Info.plist;
				LD_RUNPATH_SEARCH_PATHS = (
					"$(inherited)",
					"@executable_path/Frameworks",
					"@loader_path/Frameworks",
				);
				PRODUCT_BUNDLE_IDENTIFIER = "com.group-a.coursework-2Tests";
				PRODUCT_NAME = "$(TARGET_NAME)";
				SWIFT_VERSION = 5.0;
				TARGETED_DEVICE_FAMILY = "1,2";
				TEST_HOST = "$(BUILT_PRODUCTS_DIR)/coursework_2.app/coursework_2";
			};
			name = Release;
		};
/* End XCBuildConfiguration section */

/* Begin XCConfigurationList section */
		EB482ECC2289C671001F1F3F /* Build configuration list for PBXProject "coursework_2" */ = {
			isa = XCConfigurationList;
			buildConfigurations = (
				EB482EEF2289C672001F1F3F /* Debug */,
				EB482EF02289C672001F1F3F /* Release */,
			);
			defaultConfigurationIsVisible = 0;
			defaultConfigurationName = Release;
		};
		EB482EF12289C672001F1F3F /* Build configuration list for PBXNativeTarget "coursework_2" */ = {
			isa = XCConfigurationList;
			buildConfigurations = (
				EB482EF22289C672001F1F3F /* Debug */,
				EB482EF32289C672001F1F3F /* Release */,
			);
			defaultConfigurationIsVisible = 0;
			defaultConfigurationName = Release;
		};
		EB482EF42289C672001F1F3F /* Build configuration list for PBXNativeTarget "coursework_2Tests" */ = {
			isa = XCConfigurationList;
			buildConfigurations = (
				EB482EF52289C672001F1F3F /* Debug */,
				EB482EF62289C672001F1F3F /* Release */,
			);
			defaultConfigurationIsVisible = 0;
			defaultConfigurationName = Release;
		};
/* End XCConfigurationList section */

/* Begin XCVersionGroup section */
		EB482EDB2289C671001F1F3F /* coursework_2.xcdatamodeld */ = {
			isa = XCVersionGroup;
			children = (
				EB482EDC2289C671001F1F3F /* coursework_2.xcdatamodel */,
			);
			currentVersion = EB482EDC2289C671001F1F3F /* coursework_2.xcdatamodel */;
			path = coursework_2.xcdatamodeld;
			sourceTree = "<group>";
			versionGroupType = wrapper.xcdatamodel;
		};
/* End XCVersionGroup section */
	};
	rootObject = EB482EC92289C671001F1F3F /* Project object */;
}
